// !$*UTF8*$!
{
	archiveVersion = 1;
	classes = {
	};
	objectVersion = 46;
	objects = {

/* Begin PBXBuildFile section */
		06D525371A0BCA8E00A0CD61 /* AppDelegate.swift in Sources */ = {isa = PBXBuildFile; fileRef = 06D525361A0BCA8E00A0CD61 /* AppDelegate.swift */; };
		06D525391A0BCA8E00A0CD61 /* ViewController.swift in Sources */ = {isa = PBXBuildFile; fileRef = 06D525381A0BCA8E00A0CD61 /* ViewController.swift */; };
		06D5253C1A0BCA8E00A0CD61 /* Main.storyboard in Resources */ = {isa = PBXBuildFile; fileRef = 06D5253A1A0BCA8E00A0CD61 /* Main.storyboard */; };
		06D5253E1A0BCA8E00A0CD61 /* Images.xcassets in Resources */ = {isa = PBXBuildFile; fileRef = 06D5253D1A0BCA8E00A0CD61 /* Images.xcassets */; };
		06D525411A0BCA8E00A0CD61 /* LaunchScreen.xib in Resources */ = {isa = PBXBuildFile; fileRef = 06D5253F1A0BCA8E00A0CD61 /* LaunchScreen.xib */; };
		06D5254D1A0BCA8E00A0CD61 /* ShoeConverterTests.swift in Sources */ = {isa = PBXBuildFile; fileRef = 06D5254C1A0BCA8E00A0CD61 /* ShoeConverterTests.swift */; };
/* End PBXBuildFile section */

/* Begin PBXContainerItemProxy section */
		06D525471A0BCA8E00A0CD61 /* PBXContainerItemProxy */ = {
			isa = PBXContainerItemProxy;
			containerPortal = 06D525291A0BCA8E00A0CD61 /* Project object */;
			proxyType = 1;
			remoteGlobalIDString = 06D525301A0BCA8E00A0CD61;
			remoteInfo = ShoeConverter;
		};
/* End PBXContainerItemProxy section */

/* Begin PBXFileReference section */
		06D525311A0BCA8E00A0CD61 /* ShoeConverter.app */ = {isa = PBXFileReference; explicitFileType = wrapper.application; includeInIndex = 0; path = ShoeConverter.app; sourceTree = BUILT_PRODUCTS_DIR; };
		06D525351A0BCA8E00A0CD61 /* Info.plist */ = {isa = PBXFileReference; lastKnownFileType = text.plist.xml; path = Info.plist; sourceTree = "<group>"; };
		06D525361A0BCA8E00A0CD61 /* AppDelegate.swift */ = {isa = PBXFileReference; lastKnownFileType = sourcecode.swift; path = AppDelegate.swift; sourceTree = "<group>"; };
		06D525381A0BCA8E00A0CD61 /* ViewController.swift */ = {isa = PBXFileReference; lastKnownFileType = sourcecode.swift; path = ViewController.swift; sourceTree = "<group>"; };
		06D5253B1A0BCA8E00A0CD61 /* Base */ = {isa = PBXFileReference; lastKnownFileType = file.storyboard; name = Base; path = Base.lproj/Main.storyboard; sourceTree = "<group>"; };
		06D5253D1A0BCA8E00A0CD61 /* Images.xcassets */ = {isa = PBXFileReference; lastKnownFileType = folder.assetcatalog; path = Images.xcassets; sourceTree = "<group>"; };
		06D525401A0BCA8E00A0CD61 /* Base */ = {isa = PBXFileReference; lastKnownFileType = file.xib; name = Base; path = Base.lproj/LaunchScreen.xib; sourceTree = "<group>"; };
		06D525461A0BCA8E00A0CD61 /* ShoeConverterTests.xctest */ = {isa = PBXFileReference; explicitFileType = wrapper.cfbundle; includeInIndex = 0; path = ShoeConverterTests.xctest; sourceTree = BUILT_PRODUCTS_DIR; };
		06D5254B1A0BCA8E00A0CD61 /* Info.plist */ = {isa = PBXFileReference; lastKnownFileType = text.plist.xml; path = Info.plist; sourceTree = "<group>"; };
		06D5254C1A0BCA8E00A0CD61 /* ShoeConverterTests.swift */ = {isa = PBXFileReference; lastKnownFileType = sourcecode.swift; path = ShoeConverterTests.swift; sourceTree = "<group>"; };
/* End PBXFileReference section */

/* Begin PBXFrameworksBuildPhase section */
		06D5252E1A0BCA8E00A0CD61 /* Frameworks */ = {
			isa = PBXFrameworksBuildPhase;
			buildActionMask = 2147483647;
			files = (
			);
			runOnlyForDeploymentPostprocessing = 0;
		};
		06D525431A0BCA8E00A0CD61 /* Frameworks */ = {
			isa = PBXFrameworksBuildPhase;
			buildActionMask = 2147483647;
			files = (
			);
			runOnlyForDeploymentPostprocessing = 0;
		};
/* End PBXFrameworksBuildPhase section */

/* Begin PBXGroup section */
		06D525281A0BCA8E00A0CD61 = {
			isa = PBXGroup;
			children = (
				06D525331A0BCA8E00A0CD61 /* ShoeConverter */,
				06D525491A0BCA8E00A0CD61 /* ShoeConverterTests */,
				06D525321A0BCA8E00A0CD61 /* Products */,
			);
			sourceTree = "<group>";
		};
		06D525321A0BCA8E00A0CD61 /* Products */ = {
			isa = PBXGroup;
			children = (
				06D525311A0BCA8E00A0CD61 /* ShoeConverter.app */,
				06D525461A0BCA8E00A0CD61 /* ShoeConverterTests.xctest */,
			);
			name = Products;
			sourceTree = "<group>";
		};
		06D525331A0BCA8E00A0CD61 /* ShoeConverter */ = {
			isa = PBXGroup;
			children = (
				06D525361A0BCA8E00A0CD61 /* AppDelegate.swift */,
				06D525381A0BCA8E00A0CD61 /* ViewController.swift */,
				06D5253A1A0BCA8E00A0CD61 /* Main.storyboard */,
				06D5253D1A0BCA8E00A0CD61 /* Images.xcassets */,
				06D5253F1A0BCA8E00A0CD61 /* LaunchScreen.xib */,
				06D525341A0BCA8E00A0CD61 /* Supporting Files */,
			);
			path = ShoeConverter;
			sourceTree = "<group>";
		};
		06D525341A0BCA8E00A0CD61 /* Supporting Files */ = {
			isa = PBXGroup;
			children = (
				06D525351A0BCA8E00A0CD61 /* Info.plist */,
			);
			name = "Supporting Files";
			sourceTree = "<group>";
		};
		06D525491A0BCA8E00A0CD61 /* ShoeConverterTests */ = {
			isa = PBXGroup;
			children = (
				06D5254C1A0BCA8E00A0CD61 /* ShoeConverterTests.swift */,
				06D5254A1A0BCA8E00A0CD61 /* Supporting Files */,
			);
			path = ShoeConverterTests;
			sourceTree = "<group>";
		};
		06D5254A1A0BCA8E00A0CD61 /* Supporting Files */ = {
			isa = PBXGroup;
			children = (
				06D5254B1A0BCA8E00A0CD61 /* Info.plist */,
			);
			name = "Supporting Files";
			sourceTree = "<group>";
		};
/* End PBXGroup section */

/* Begin PBXNativeTarget section */
		06D525301A0BCA8E00A0CD61 /* ShoeConverter */ = {
			isa = PBXNativeTarget;
			buildConfigurationList = 06D525501A0BCA8E00A0CD61 /* Build configuration list for PBXNativeTarget "ShoeConverter" */;
			buildPhases = (
				06D5252D1A0BCA8E00A0CD61 /* Sources */,
				06D5252E1A0BCA8E00A0CD61 /* Frameworks */,
				06D5252F1A0BCA8E00A0CD61 /* Resources */,
			);
			buildRules = (
			);
			dependencies = (
			);
			name = ShoeConverter;
			productName = ShoeConverter;
			productReference = 06D525311A0BCA8E00A0CD61 /* ShoeConverter.app */;
			productType = "com.apple.product-type.application";
		};
		06D525451A0BCA8E00A0CD61 /* ShoeConverterTests */ = {
			isa = PBXNativeTarget;
			buildConfigurationList = 06D525531A0BCA8E00A0CD61 /* Build configuration list for PBXNativeTarget "ShoeConverterTests" */;
			buildPhases = (
				06D525421A0BCA8E00A0CD61 /* Sources */,
				06D525431A0BCA8E00A0CD61 /* Frameworks */,
				06D525441A0BCA8E00A0CD61 /* Resources */,
			);
			buildRules = (
			);
			dependencies = (
				06D525481A0BCA8E00A0CD61 /* PBXTargetDependency */,
			);
			name = ShoeConverterTests;
			productName = ShoeConverterTests;
			productReference = 06D525461A0BCA8E00A0CD61 /* ShoeConverterTests.xctest */;
			productType = "com.apple.product-type.bundle.unit-test";
		};
/* End PBXNativeTarget section */

/* Begin PBXProject section */
		06D525291A0BCA8E00A0CD61 /* Project object */ = {
			isa = PBXProject;
			attributes = {
				LastUpgradeCheck = 0610;
				ORGANIZATIONNAME = "John Mulholland";
				TargetAttributes = {
					06D525301A0BCA8E00A0CD61 = {
						CreatedOnToolsVersion = 6.1;
					};
					06D525451A0BCA8E00A0CD61 = {
						CreatedOnToolsVersion = 6.1;
						TestTargetID = 06D525301A0BCA8E00A0CD61;
					};
				};
			};
			buildConfigurationList = 06D5252C1A0BCA8E00A0CD61 /* Build configuration list for PBXProject "ShoeConverter" */;
			compatibilityVersion = "Xcode 3.2";
			developmentRegion = English;
			hasScannedForEncodings = 0;
			knownRegions = (
				en,
				Base,
			);
			mainGroup = 06D525281A0BCA8E00A0CD61;
			productRefGroup = 06D525321A0BCA8E00A0CD61 /* Products */;
			projectDirPath = "";
			projectRoot = "";
			targets = (
				06D525301A0BCA8E00A0CD61 /* ShoeConverter */,
				06D525451A0BCA8E00A0CD61 /* ShoeConverterTests */,
			);
		};
/* End PBXProject section */

/* Begin PBXResourcesBuildPhase section */
		06D5252F1A0BCA8E00A0CD61 /* Resources */ = {
			isa = PBXResourcesBuildPhase;
			buildActionMask = 2147483647;
			files = (
				06D5253C1A0BCA8E00A0CD61 /* Main.storyboard in Resources */,
				06D525411A0BCA8E00A0CD61 /* LaunchScreen.xib in Resources */,
				06D5253E1A0BCA8E00A0CD61 /* Images.xcassets in Resources */,
			);
			runOnlyForDeploymentPostprocessing = 0;
		};
		06D525441A0BCA8E00A0CD61 /* Resources */ = {
			isa = PBXResourcesBuildPhase;
			buildActionMask = 2147483647;
			files = (
			);
			runOnlyForDeploymentPostprocessing = 0;
		};
/* End PBXResourcesBuildPhase section */

/* Begin PBXSourcesBuildPhase section */
		06D5252D1A0BCA8E00A0CD61 /* Sources */ = {
			isa = PBXSourcesBuildPhase;
			buildActionMask = 2147483647;
			files = (
				06D525391A0BCA8E00A0CD61 /* ViewController.swift in Sources */,
				06D525371A0BCA8E00A0CD61 /* AppDelegate.swift in Sources */,
			);
			runOnlyForDeploymentPostprocessing = 0;
		};
		06D525421A0BCA8E00A0CD61 /* Sources */ = {
			isa = PBXSourcesBuildPhase;
			buildActionMask = 2147483647;
			files = (
				06D5254D1A0BCA8E00A0CD61 /* ShoeConverterTests.swift in Sources */,
			);
			runOnlyForDeploymentPostprocessing = 0;
		};
/* End PBXSourcesBuildPhase section */

/* Begin PBXTargetDependency section */
		06D525481A0BCA8E00A0CD61 /* PBXTargetDependency */ = {
			isa = PBXTargetDependency;
			target = 06D525301A0BCA8E00A0CD61 /* ShoeConverter */;
			targetProxy = 06D525471A0BCA8E00A0CD61 /* PBXContainerItemProxy */;
		};
/* End PBXTargetDependency section */

/* Begin PBXVariantGroup section */
		06D5253A1A0BCA8E00A0CD61 /* Main.storyboard */ = {
			isa = PBXVariantGroup;
			children = (
				06D5253B1A0BCA8E00A0CD61 /* Base */,
			);
			name = Main.storyboard;
			sourceTree = "<group>";
		};
		06D5253F1A0BCA8E00A0CD61 /* LaunchScreen.xib */ = {
			isa = PBXVariantGroup;
			children = (
				06D525401A0BCA8E00A0CD61 /* Base */,
			);
			name = LaunchScreen.xib;
			sourceTree = "<group>";
		};
/* End PBXVariantGroup section */

/* Begin XCBuildConfiguration section */
		06D5254E1A0BCA8E00A0CD61 /* Debug */ = {
			isa = XCBuildConfiguration;
			buildSettings = {
				ALWAYS_SEARCH_USER_PATHS = NO;
				CLANG_CXX_LANGUAGE_STANDARD = "gnu++0x";
				CLANG_CXX_LIBRARY = "libc++";
				CLANG_ENABLE_MODULES = YES;
				CLANG_ENABLE_OBJC_ARC = YES;
				CLANG_WARN_BOOL_CONVERSION = YES;
				CLANG_WARN_CONSTANT_CONVERSION = YES;
				CLANG_WARN_DIRECT_OBJC_ISA_USAGE = YES_ERROR;
				CLANG_WARN_EMPTY_BODY = YES;
				CLANG_WARN_ENUM_CONVERSION = YES;
				CLANG_WARN_INT_CONVERSION = YES;
				CLANG_WARN_OBJC_ROOT_CLASS = YES_ERROR;
				CLANG_WARN_UNREACHABLE_CODE = YES;
				CLANG_WARN__DUPLICATE_METHOD_MATCH = YES;
				"CODE_SIGN_IDENTITY[sdk=iphoneos*]" = "iPhone Developer";
				COPY_PHASE_STRIP = NO;
				ENABLE_STRICT_OBJC_MSGSEND = YES;
				GCC_C_LANGUAGE_STANDARD = gnu99;
				GCC_DYNAMIC_NO_PIC = NO;
				GCC_OPTIMIZATION_LEVEL = 0;
				GCC_PREPROCESSOR_DEFINITIONS = (
					"DEBUG=1",
					"$(inherited)",
				);
				GCC_SYMBOLS_PRIVATE_EXTERN = NO;
				GCC_WARN_64_TO_32_BIT_CONVERSION = YES;
				GCC_WARN_ABOUT_RETURN_TYPE = YES_ERROR;
				GCC_WARN_UNDECLARED_SELECTOR = YES;
				GCC_WARN_UNINITIALIZED_AUTOS = YES_AGGRESSIVE;
				GCC_WARN_UNUSED_FUNCTION = YES;
				GCC_WARN_UNUSED_VARIABLE = YES;
				IPHONEOS_DEPLOYMENT_TARGET = 8.1;
				MTL_ENABLE_DEBUG_INFO = YES;
				ONLY_ACTIVE_ARCH = YES;
				SDKROOT = iphoneos;
				SWIFT_OPTIMIZATION_LEVEL = "-Onone";
				TARGETED_DEVICE_FAMILY = "1,2";
			};
			name = Debug;
		};
		06D5254F1A0BCA8E00A0CD61 /* Release */ = {
			isa = XCBuildConfiguration;
			buildSettings = {
				ALWAYS_SEARCH_USER_PATHS = NO;
				CLANG_CXX_LANGUAGE_STANDARD = "gnu++0x";
				CLANG_CXX_LIBRARY = "libc++";
				CLANG_ENABLE_MODULES = YES;
				CLANG_ENABLE_OBJC_ARC = YES;
				CLANG_WARN_BOOL_CONVERSION = YES;
				CLANG_WARN_CONSTANT_CONVERSION = YES;
				CLANG_WARN_DIRECT_OBJC_ISA_USAGE = YES_ERROR;
				CLANG_WARN_EMPTY_BODY = YES;
				CLANG_WARN_ENUM_CONVERSION = YES;
				CLANG_WARN_INT_CONVERSION = YES;
				CLANG_WARN_OBJC_ROOT_CLASS = YES_ERROR;
				CLANG_WARN_UNREACHABLE_CODE = YES;
				CLANG_WARN__DUPLICATE_METHOD_MATCH = YES;
				"CODE_SIGN_IDENTITY[sdk=iphoneos*]" = "iPhone Developer";
				COPY_PHASE_STRIP = YES;
				ENABLE_NS_ASSERTIONS = NO;
				ENABLE_STRICT_OBJC_MSGSEND = YES;
				GCC_C_LANGUAGE_STANDARD = gnu99;
				GCC_WARN_64_TO_32_BIT_CONVERSION = YES;
				GCC_WARN_ABOUT_RETURN_TYPE = YES_ERROR;
				GCC_WARN_UNDECLARED_SELECTOR = YES;
				GCC_WARN_UNINITIALIZED_AUTOS = YES_AGGRESSIVE;
				GCC_WARN_UNUSED_FUNCTION = YES;
				GCC_WARN_UNUSED_VARIABLE = YES;
				IPHONEOS_DEPLOYMENT_TARGET = 8.1;
				MTL_ENABLE_DEBUG_INFO = NO;
				SDKROOT = iphoneos;
				TARGETED_DEVICE_FAMILY = "1,2";
				VALIDATE_PRODUCT = YES;
			};
			name = Release;
		};
		06D525511A0BCA8E00A0CD61 /* Debug */ = {
			isa = XCBuildConfiguration;
			buildSettings = {
				ASSETCATALOG_COMPILER_APPICON_NAME = AppIcon;
				INFOPLIST_FILE = ShoeConverter/Info.plist;
				LD_RUNPATH_SEARCH_PATHS = "$(inherited) @executable_path/Frameworks";
				PRODUCT_NAME = "$(TARGET_NAME)";
			};
			name = Debug;
		};
		06D525521A0BCA8E00A0CD61 /* Release */ = {
			isa = XCBuildConfiguration;
			buildSettings = {
				ASSETCATALOG_COMPILER_APPICON_NAME = AppIcon;
				INFOPLIST_FILE = ShoeConverter/Info.plist;
				LD_RUNPATH_SEARCH_PATHS = "$(inherited) @executable_path/Frameworks";
				PRODUCT_NAME = "$(TARGET_NAME)";
			};
			name = Release;
		};
		06D525541A0BCA8E00A0CD61 /* Debug */ = {
			isa = XCBuildConfiguration;
			buildSettings = {
				BUNDLE_LOADER = "$(TEST_HOST)";
				FRAMEWORK_SEARCH_PATHS = (
					"$(SDKROOT)/Developer/Library/Frameworks",
					"$(inherited)",
				);
				GCC_PREPROCESSOR_DEFINITIONS = (
					"DEBUG=1",
					"$(inherited)",
				);
				INFOPLIST_FILE = ShoeConverterTests/Info.plist;
				LD_RUNPATH_SEARCH_PATHS = "$(inherited) @executable_path/Frameworks @loader_path/Frameworks";
				PRODUCT_NAME = "$(TARGET_NAME)";
				TEST_HOST = "$(BUILT_PRODUCTS_DIR)/ShoeConverter.app/ShoeConverter";
			};
			name = Debug;
		};
		06D525551A0BCA8E00A0CD61 /* Release */ = {
			isa = XCBuildConfiguration;
			buildSettings = {
				BUNDLE_LOADER = "$(TEST_HOST)";
				FRAMEWORK_SEARCH_PATHS = (
					"$(SDKROOT)/Developer/Library/Frameworks",
					"$(inherited)",
				);
				INFOPLIST_FILE = ShoeConverterTests/Info.plist;
				LD_RUNPATH_SEARCH_PATHS = "$(inherited) @executable_path/Frameworks @loader_path/Frameworks";
				PRODUCT_NAME = "$(TARGET_NAME)";
				TEST_HOST = "$(BUILT_PRODUCTS_DIR)/ShoeConverter.app/ShoeConverter";
			};
			name = Release;
		};
/* End XCBuildConfiguration section */

/* Begin XCConfigurationList section */
		06D5252C1A0BCA8E00A0CD61 /* Build configuration list for PBXProject "ShoeConverter" */ = {
			isa = XCConfigurationList;
			buildConfigurations = (
				06D5254E1A0BCA8E00A0CD61 /* Debug */,
				06D5254F1A0BCA8E00A0CD61 /* Release */,
			);
			defaultConfigurationIsVisible = 0;
			defaultConfigurationName = Release;
		};
		06D525501A0BCA8E00A0CD61 /* Build configuration list for PBXNativeTarget "ShoeConverter" */ = {
			isa = XCConfigurationList;
			buildConfigurations = (
				06D525511A0BCA8E00A0CD61 /* Debug */,
				06D525521A0BCA8E00A0CD61 /* Release */,
			);
			defaultConfigurationIsVisible = 0;
		};
		06D525531A0BCA8E00A0CD61 /* Build configuration list for PBXNativeTarget "ShoeConverterTests" */ = {
			isa = XCConfigurationList;
			buildConfigurations = (
				06D525541A0BCA8E00A0CD61 /* Debug */,
				06D525551A0BCA8E00A0CD61 /* Release */,
			);
			defaultConfigurationIsVisible = 0;
		};
/* End XCConfigurationList section */
	};
	rootObject = 06D525291A0BCA8E00A0CD61 /* Project object */;
}
